{
  "name": "42cabi_main",
  "lockfileVersion": 2,
  "requires": true,
  "packages": {
    "": {
      "dependencies": {
        "link": "^0.1.5"
      }
    },
    "node_modules/link": {
      "version": "0.1.5",
      "resolved": "https://registry.npmjs.org/link/-/link-0.1.5.tgz",
      "integrity": "sha1-f8eqW9P2rFoZxSVaI/QgfWhS6S4=",
      "bin": {
        "link.js": "Source/Node/link.js",
        "linkjs": "Source/Node/link.js"
      },
      "engines": {
        "node": "> 0.4.x < 0.9.0"
      }
    }
  },
  "dependencies": {
    "link": {
      "version": "0.1.5",
      "resolved": "https://registry.npmjs.org/link/-/link-0.1.5.tgz",
      "integrity": "sha1-f8eqW9P2rFoZxSVaI/QgfWhS6S4="
    }
  }
}
